
Microsoft Visual Studio Solution File, Format Version 12.00
# Visual Studio Version 17
VisualStudioVersion = 17.8.34322.80
MinimumVisualStudioVersion = 10.0.40219.1
Project("{FAE04EC0-301F-11D3-BF4B-00C04F79EFBC}") = "AnimalMatchingGame", "AnimalMatchingGame\AnimalMatchingGame.csproj", "{7F66DCE6-888F-4AC3-9159-C0AD49EF3D95}"
EndProject
Global
	GlobalSection(SolutionConfigurationPlatforms) = preSolution
		Debug|Any CPU = Debug|Any CPU
		Release|Any CPU = Release|Any CPU
	EndGlobalSection
	GlobalSection(ProjectConfigurationPlatforms) = postSolution
		{7F66DCE6-888F-4AC3-9159-C0AD49EF3D95}.Debug|Any CPU.ActiveCfg = Debug|Any CPU
		{7F66DCE6-888F-4AC3-9159-C0AD49EF3D95}.Debug|Any CPU.Build.0 = Debug|Any CPU
		{7F66DCE6-888F-4AC3-9159-C0AD49EF3D95}.Debug|Any CPU.Deploy.0 = Debug|Any CPU
		{7F66DCE6-888F-4AC3-9159-C0AD49EF3D95}.Release|Any CPU.ActiveCfg = Release|Any CPU
		{7F66DCE6-888F-4AC3-9159-C0AD49EF3D95}.Release|Any CPU.Build.0 = Release|Any CPU
		{7F66DCE6-888F-4AC3-9159-C0AD49EF3D95}.Release|Any CPU.Deploy.0 = Release|Any CPU
	EndGlobalSection
	GlobalSection(SolutionProperties) = preSolution
		HideSolutionNode = FALSE
	EndGlobalSection
	GlobalSection(ExtensibilityGlobals) = postSolution
		SolutionGuid = {164C7C9B-1F03-454B-86D6-904924E32F6C}
	EndGlobalSection
EndGlobal
